
Microsoft Visual Studio Solution File, Format Version 11.00
# Visual Studio 2010
Project("{2857B73E-F847-4B02-9238-064979017E93}") = "Baseball", "Baseball\Baseball.cproj", "{59AE1708-AEC5-4ED7-858F-8201C8DDF568}"
EndProject
Global
	GlobalSection(SolutionConfigurationPlatforms) = preSolution
		Debug|Any CPU = Debug|Any CPU
		Release|Any CPU = Release|Any CPU
	EndGlobalSection
	GlobalSection(ProjectConfigurationPlatforms) = postSolution
		{59AE1708-AEC5-4ED7-858F-8201C8DDF568}.Debug|Any CPU.ActiveCfg = Debug|Any CPU
		{59AE1708-AEC5-4ED7-858F-8201C8DDF568}.Debug|Any CPU.Build.0 = Debug|Any CPU
		{59AE1708-AEC5-4ED7-858F-8201C8DDF568}.Release|Any CPU.ActiveCfg = Release|Any CPU
		{59AE1708-AEC5-4ED7-858F-8201C8DDF568}.Release|Any CPU.Build.0 = Release|Any CPU
	EndGlobalSection
	GlobalSection(MonoDevelopProperties) = preSolution
		StartupItem = Baseball\Baseball.cproj
	EndGlobalSection
EndGlobal
